
Microsoft Visual Studio Solution File, Format Version 12.00
# Visual Studio Version 17
VisualStudioVersion = 17.0.31912.275
MinimumVisualStudioVersion = 10.0.40219.1
Project("{FAE04EC0-301F-11D3-BF4B-00C04F79EFBC}") = "SmartWebApp", "WebApplication1\SmartWebApp.csproj", "{631DF1B0-04A4-40E8-8ADF-8F48CE70A81D}"
EndProject
Global
	GlobalSection(SolutionConfigurationPlatforms) = preSolution
		Debug|Any CPU = Debug|Any CPU
		Release|Any CPU = Release|Any CPU
	EndGlobalSection
	GlobalSection(ProjectConfigurationPlatforms) = postSolution
		{631DF1B0-04A4-40E8-8ADF-8F48CE70A81D}.Debug|Any CPU.ActiveCfg = Debug|Any CPU
		{631DF1B0-04A4-40E8-8ADF-8F48CE70A81D}.Debug|Any CPU.Build.0 = Debug|Any CPU
		{631DF1B0-04A4-40E8-8ADF-8F48CE70A81D}.Release|Any CPU.ActiveCfg = Release|Any CPU
		{631DF1B0-04A4-40E8-8ADF-8F48CE70A81D}.Release|Any CPU.Build.0 = Release|Any CPU
	EndGlobalSection
	GlobalSection(SolutionProperties) = preSolution
		HideSolutionNode = FALSE
	EndGlobalSection
	GlobalSection(ExtensibilityGlobals) = postSolution
		SolutionGuid = {87F94B8A-DE50-4B19-A425-F59A6C1C92A7}
	EndGlobalSection
EndGlobal
